// !$*UTF8*$!
{
	archiveVersion = 1;
	classes = {
	};
	objectVersion = 48;
	objects = {

/* Begin PBXBuildFile section */
		38BAABAC20263F9D0034BA8F /* AppDelegate.swift in Sources */ = {isa = PBXBuildFile; fileRef = 38BAABAB20263F9D0034BA8F /* AppDelegate.swift */; };
		38BAABAE20263F9D0034BA8F /* MakePhotoViewController.swift in Sources */ = {isa = PBXBuildFile; fileRef = 38BAABAD20263F9D0034BA8F /* MakePhotoViewController.swift */; };
		38BAABB120263F9D0034BA8F /* Main.storyboard in Resources */ = {isa = PBXBuildFile; fileRef = 38BAABAF20263F9D0034BA8F /* Main.storyboard */; };
		38BAABB320263F9D0034BA8F /* Assets.xcassets in Resources */ = {isa = PBXBuildFile; fileRef = 38BAABB220263F9D0034BA8F /* Assets.xcassets */; };
		38BAABB620263F9D0034BA8F /* LaunchScreen.storyboard in Resources */ = {isa = PBXBuildFile; fileRef = 38BAABB420263F9D0034BA8F /* LaunchScreen.storyboard */; };
		38BAABBE202654A80034BA8F /* VideoPreviewView.swift in Sources */ = {isa = PBXBuildFile; fileRef = 38BAABBD202654A80034BA8F /* VideoPreviewView.swift */; };
		38CD1173202E28BF000D4E2C /* PrintListViewController.swift in Sources */ = {isa = PBXBuildFile; fileRef = 38CD1172202E28BF000D4E2C /* PrintListViewController.swift */; };
		38CD1175202E3AD0000D4E2C /* PrintCell.swift in Sources */ = {isa = PBXBuildFile; fileRef = 38CD1174202E3AD0000D4E2C /* PrintCell.swift */; };
		38CD1177202E4A3F000D4E2C /* PrintViewController.swift in Sources */ = {isa = PBXBuildFile; fileRef = 38CD1176202E4A3F000D4E2C /* PrintViewController.swift */; };
		38CD1179202E685F000D4E2C /* missing.jpg in Resources */ = {isa = PBXBuildFile; fileRef = 38CD1178202E685F000D4E2C /* missing.jpg */; };
		38CD117D202EDA8E000D4E2C /* ReviewPhotoViewController.swift in Sources */ = {isa = PBXBuildFile; fileRef = 38CD117C202EDA8D000D4E2C /* ReviewPhotoViewController.swift */; };
/* End PBXBuildFile section */

/* Begin PBXFileReference section */
		38BAABA820263F9D0034BA8F /* PrentenMapper.app */ = {isa = PBXFileReference; explicitFileType = wrapper.application; includeInIndex = 0; path = PrentenMapper.app; sourceTree = BUILT_PRODUCTS_DIR; };
		38BAABAB20263F9D0034BA8F /* AppDelegate.swift */ = {isa = PBXFileReference; lastKnownFileType = sourcecode.swift; path = AppDelegate.swift; sourceTree = "<group>"; };
		38BAABAD20263F9D0034BA8F /* MakePhotoViewController.swift */ = {isa = PBXFileReference; lastKnownFileType = sourcecode.swift; path = MakePhotoViewController.swift; sourceTree = "<group>"; };
		38BAABB020263F9D0034BA8F /* Base */ = {isa = PBXFileReference; lastKnownFileType = file.storyboard; name = Base; path = Base.lproj/Main.storyboard; sourceTree = "<group>"; };
		38BAABB220263F9D0034BA8F /* Assets.xcassets */ = {isa = PBXFileReference; lastKnownFileType = folder.assetcatalog; path = Assets.xcassets; sourceTree = "<group>"; };
		38BAABB520263F9D0034BA8F /* Base */ = {isa = PBXFileReference; lastKnownFileType = file.storyboard; name = Base; path = Base.lproj/LaunchScreen.storyboard; sourceTree = "<group>"; };
		38BAABB720263F9D0034BA8F /* Info.plist */ = {isa = PBXFileReference; lastKnownFileType = text.plist.xml; path = Info.plist; sourceTree = "<group>"; };
		38BAABBD202654A80034BA8F /* VideoPreviewView.swift */ = {isa = PBXFileReference; lastKnownFileType = sourcecode.swift; path = VideoPreviewView.swift; sourceTree = "<group>"; };
		38CD1172202E28BF000D4E2C /* PrintListViewController.swift */ = {isa = PBXFileReference; lastKnownFileType = sourcecode.swift; path = PrintListViewController.swift; sourceTree = "<group>"; };
		38CD1174202E3AD0000D4E2C /* PrintCell.swift */ = {isa = PBXFileReference; lastKnownFileType = sourcecode.swift; path = PrintCell.swift; sourceTree = "<group>"; };
		38CD1176202E4A3F000D4E2C /* PrintViewController.swift */ = {isa = PBXFileReference; lastKnownFileType = sourcecode.swift; path = PrintViewController.swift; sourceTree = "<group>"; };
		38CD1178202E685F000D4E2C /* missing.jpg */ = {isa = PBXFileReference; lastKnownFileType = image.jpeg; path = missing.jpg; sourceTree = "<group>"; };
		38CD117C202EDA8D000D4E2C /* ReviewPhotoViewController.swift */ = {isa = PBXFileReference; lastKnownFileType = sourcecode.swift; path = ReviewPhotoViewController.swift; sourceTree = "<group>"; };
/* End PBXFileReference section */

/* Begin PBXFrameworksBuildPhase section */
		38BAABA520263F9D0034BA8F /* Frameworks */ = {
			isa = PBXFrameworksBuildPhase;
			buildActionMask = 2147483647;
			files = (
			);
			runOnlyForDeploymentPostprocessing = 0;
		};
/* End PBXFrameworksBuildPhase section */

/* Begin PBXGroup section */
		38BAAB9F20263F9D0034BA8F = {
			isa = PBXGroup;
			children = (
				38BAABAA20263F9D0034BA8F /* PrentenMapper */,
				38BAABA920263F9D0034BA8F /* Products */,
			);
			sourceTree = "<group>";
		};
		38BAABA920263F9D0034BA8F /* Products */ = {
			isa = PBXGroup;
			children = (
				38BAABA820263F9D0034BA8F /* PrentenMapper.app */,
			);
			name = Products;
			sourceTree = "<group>";
		};
		38BAABAA20263F9D0034BA8F /* PrentenMapper */ = {
			isa = PBXGroup;
			children = (
				38BAABAB20263F9D0034BA8F /* AppDelegate.swift */,
				38CD1172202E28BF000D4E2C /* PrintListViewController.swift */,
				38CD1176202E4A3F000D4E2C /* PrintViewController.swift */,
				38BAABAD20263F9D0034BA8F /* MakePhotoViewController.swift */,
				38CD117C202EDA8D000D4E2C /* ReviewPhotoViewController.swift */,
				38BAABAF20263F9D0034BA8F /* Main.storyboard */,
				38CD1174202E3AD0000D4E2C /* PrintCell.swift */,
				38BAABB220263F9D0034BA8F /* Assets.xcassets */,
				38BAABB420263F9D0034BA8F /* LaunchScreen.storyboard */,
				38BAABB720263F9D0034BA8F /* Info.plist */,
				38BAABBD202654A80034BA8F /* VideoPreviewView.swift */,
				38CD1178202E685F000D4E2C /* missing.jpg */,
			);
			path = PrentenMapper;
			sourceTree = "<group>";
		};
/* End PBXGroup section */

/* Begin PBXNativeTarget section */
		38BAABA720263F9D0034BA8F /* PrentenMapper */ = {
			isa = PBXNativeTarget;
			buildConfigurationList = 38BAABBA20263F9D0034BA8F /* Build configuration list for PBXNativeTarget "PrentenMapper" */;
			buildPhases = (
				38BAABA420263F9D0034BA8F /* Sources */,
				38BAABA520263F9D0034BA8F /* Frameworks */,
				38BAABA620263F9D0034BA8F /* Resources */,
			);
			buildRules = (
			);
			dependencies = (
			);
			name = PrentenMapper;
			productName = PrentenMapper;
			productReference = 38BAABA820263F9D0034BA8F /* PrentenMapper.app */;
			productType = "com.apple.product-type.application";
		};
/* End PBXNativeTarget section */

/* Begin PBXProject section */
		38BAABA020263F9D0034BA8F /* Project object */ = {
			isa = PBXProject;
			attributes = {
				LastSwiftUpdateCheck = 0910;
				LastUpgradeCheck = 0910;
				ORGANIZATIONNAME = "LuuX software";
				TargetAttributes = {
					38BAABA720263F9D0034BA8F = {
						CreatedOnToolsVersion = 9.1;
						ProvisioningStyle = Automatic;
					};
				};
			};
			buildConfigurationList = 38BAABA320263F9D0034BA8F /* Build configuration list for PBXProject "PrentenMapper" */;
			compatibilityVersion = "Xcode 8.0";
			developmentRegion = en;
			hasScannedForEncodings = 0;
			knownRegions = (
				en,
				Base,
			);
			mainGroup = 38BAAB9F20263F9D0034BA8F;
			productRefGroup = 38BAABA920263F9D0034BA8F /* Products */;
			projectDirPath = "";
			projectRoot = "";
			targets = (
				38BAABA720263F9D0034BA8F /* PrentenMapper */,
			);
		};
/* End PBXProject section */

/* Begin PBXResourcesBuildPhase section */
		38BAABA620263F9D0034BA8F /* Resources */ = {
			isa = PBXResourcesBuildPhase;
			buildActionMask = 2147483647;
			files = (
				38CD1179202E685F000D4E2C /* missing.jpg in Resources */,
				38BAABB620263F9D0034BA8F /* LaunchScreen.storyboard in Resources */,
				38BAABB320263F9D0034BA8F /* Assets.xcassets in Resources */,
				38BAABB120263F9D0034BA8F /* Main.storyboard in Resources */,
			);
			runOnlyForDeploymentPostprocessing = 0;
		};
/* End PBXResourcesBuildPhase section */

/* Begin PBXSourcesBuildPhase section */
		38BAABA420263F9D0034BA8F /* Sources */ = {
			isa = PBXSourcesBuildPhase;
			buildActionMask = 2147483647;
			files = (
				38CD117D202EDA8E000D4E2C /* ReviewPhotoViewController.swift in Sources */,
				38CD1175202E3AD0000D4E2C /* PrintCell.swift in Sources */,
				38CD1173202E28BF000D4E2C /* PrintListViewController.swift in Sources */,
				38BAABBE202654A80034BA8F /* VideoPreviewView.swift in Sources */,
				38BAABAE20263F9D0034BA8F /* MakePhotoViewController.swift in Sources */,
				38CD1177202E4A3F000D4E2C /* PrintViewController.swift in Sources */,
				38BAABAC20263F9D0034BA8F /* AppDelegate.swift in Sources */,
			);
			runOnlyForDeploymentPostprocessing = 0;
		};
/* End PBXSourcesBuildPhase section */

/* Begin PBXVariantGroup section */
		38BAABAF20263F9D0034BA8F /* Main.storyboard */ = {
			isa = PBXVariantGroup;
			children = (
				38BAABB020263F9D0034BA8F /* Base */,
			);
			name = Main.storyboard;
			sourceTree = "<group>";
		};
		38BAABB420263F9D0034BA8F /* LaunchScreen.storyboard */ = {
			isa = PBXVariantGroup;
			children = (
				38BAABB520263F9D0034BA8F /* Base */,
			);
			name = LaunchScreen.storyboard;
			sourceTree = "<group>";
		};
/* End PBXVariantGroup section */

/* Begin XCBuildConfiguration section */
		38BAABB820263F9D0034BA8F /* Debug */ = {
			isa = XCBuildConfiguration;
			buildSettings = {
				ALWAYS_SEARCH_USER_PATHS = NO;
				CLANG_ANALYZER_NONNULL = YES;
				CLANG_ANALYZER_NUMBER_OBJECT_CONVERSION = YES_AGGRESSIVE;
				CLANG_CXX_LANGUAGE_STANDARD = "gnu++14";
				CLANG_CXX_LIBRARY = "libc++";
				CLANG_ENABLE_MODULES = YES;
				CLANG_ENABLE_OBJC_ARC = YES;
				CLANG_WARN_BLOCK_CAPTURE_AUTORELEASING = YES;
				CLANG_WARN_BOOL_CONVERSION = YES;
				CLANG_WARN_COMMA = YES;
				CLANG_WARN_CONSTANT_CONVERSION = YES;
				CLANG_WARN_DIRECT_OBJC_ISA_USAGE = YES_ERROR;
				CLANG_WARN_DOCUMENTATION_COMMENTS = YES;
				CLANG_WARN_EMPTY_BODY = YES;
				CLANG_WARN_ENUM_CONVERSION = YES;
				CLANG_WARN_INFINITE_RECURSION = YES;
				CLANG_WARN_INT_CONVERSION = YES;
				CLANG_WARN_NON_LITERAL_NULL_CONVERSION = YES;
				CLANG_WARN_OBJC_LITERAL_CONVERSION = YES;
				CLANG_WARN_OBJC_ROOT_CLASS = YES_ERROR;
				CLANG_WARN_RANGE_LOOP_ANALYSIS = YES;
				CLANG_WARN_STRICT_PROTOTYPES = YES;
				CLANG_WARN_SUSPICIOUS_MOVE = YES;
				CLANG_WARN_UNGUARDED_AVAILABILITY = YES_AGGRESSIVE;
				CLANG_WARN_UNREACHABLE_CODE = YES;
				CLANG_WARN__DUPLICATE_METHOD_MATCH = YES;
				CODE_SIGN_IDENTITY = "iPhone Developer";
				COPY_PHASE_STRIP = NO;
				DEBUG_INFORMATION_FORMAT = dwarf;
				ENABLE_STRICT_OBJC_MSGSEND = YES;
				ENABLE_TESTABILITY = YES;
				GCC_C_LANGUAGE_STANDARD = gnu11;
				GCC_DYNAMIC_NO_PIC = NO;
				GCC_NO_COMMON_BLOCKS = YES;
				GCC_OPTIMIZATION_LEVEL = 0;
				GCC_PREPROCESSOR_DEFINITIONS = (
					"DEBUG=1",
					"$(inherited)",
				);
				GCC_WARN_64_TO_32_BIT_CONVERSION = YES;
				GCC_WARN_ABOUT_RETURN_TYPE = YES_ERROR;
				GCC_WARN_UNDECLARED_SELECTOR = YES;
				GCC_WARN_UNINITIALIZED_AUTOS = YES_AGGRESSIVE;
				GCC_WARN_UNUSED_FUNCTION = YES;
				GCC_WARN_UNUSED_VARIABLE = YES;
				IPHONEOS_DEPLOYMENT_TARGET = 11.1;
				MTL_ENABLE_DEBUG_INFO = YES;
				ONLY_ACTIVE_ARCH = YES;
				SDKROOT = iphoneos;
				SWIFT_ACTIVE_COMPILATION_CONDITIONS = DEBUG;
				SWIFT_OPTIMIZATION_LEVEL = "-Onone";
			};
			name = Debug;
		};
		38BAABB920263F9D0034BA8F /* Release */ = {
			isa = XCBuildConfiguration;
			buildSettings = {
				ALWAYS_SEARCH_USER_PATHS = NO;
				CLANG_ANALYZER_NONNULL = YES;
				CLANG_ANALYZER_NUMBER_OBJECT_CONVERSION = YES_AGGRESSIVE;
				CLANG_CXX_LANGUAGE_STANDARD = "gnu++14";
				CLANG_CXX_LIBRARY = "libc++";
				CLANG_ENABLE_MODULES = YES;
				CLANG_ENABLE_OBJC_ARC = YES;
				CLANG_WARN_BLOCK_CAPTURE_AUTORELEASING = YES;
				CLANG_WARN_BOOL_CONVERSION = YES;
				CLANG_WARN_COMMA = YES;
				CLANG_WARN_CONSTANT_CONVERSION = YES;
				CLANG_WARN_DIRECT_OBJC_ISA_USAGE = YES_ERROR;
				CLANG_WARN_DOCUMENTATION_COMMENTS = YES;
				CLANG_WARN_EMPTY_BODY = YES;
				CLANG_WARN_ENUM_CONVERSION = YES;
				CLANG_WARN_INFINITE_RECURSION = YES;
				CLANG_WARN_INT_CONVERSION = YES;
				CLANG_WARN_NON_LITERAL_NULL_CONVERSION = YES;
				CLANG_WARN_OBJC_LITERAL_CONVERSION = YES;
				CLANG_WARN_OBJC_ROOT_CLASS = YES_ERROR;
				CLANG_WARN_RANGE_LOOP_ANALYSIS = YES;
				CLANG_WARN_STRICT_PROTOTYPES = YES;
				CLANG_WARN_SUSPICIOUS_MOVE = YES;
				CLANG_WARN_UNGUARDED_AVAILABILITY = YES_AGGRESSIVE;
				CLANG_WARN_UNREACHABLE_CODE = YES;
				CLANG_WARN__DUPLICATE_METHOD_MATCH = YES;
				CODE_SIGN_IDENTITY = "iPhone Developer";
				COPY_PHASE_STRIP = NO;
				DEBUG_INFORMATION_FORMAT = "dwarf-with-dsym";
				ENABLE_NS_ASSERTIONS = NO;
				ENABLE_STRICT_OBJC_MSGSEND = YES;
				GCC_C_LANGUAGE_STANDARD = gnu11;
				GCC_NO_COMMON_BLOCKS = YES;
				GCC_WARN_64_TO_32_BIT_CONVERSION = YES;
				GCC_WARN_ABOUT_RETURN_TYPE = YES_ERROR;
				GCC_WARN_UNDECLARED_SELECTOR = YES;
				GCC_WARN_UNINITIALIZED_AUTOS = YES_AGGRESSIVE;
				GCC_WARN_UNUSED_FUNCTION = YES;
				GCC_WARN_UNUSED_VARIABLE = YES;
				IPHONEOS_DEPLOYMENT_TARGET = 11.1;
				MTL_ENABLE_DEBUG_INFO = NO;
				SDKROOT = iphoneos;
				SWIFT_OPTIMIZATION_LEVEL = "-Owholemodule";
				VALIDATE_PRODUCT = YES;
			};
			name = Release;
		};
		38BAABBB20263F9D0034BA8F /* Debug */ = {
			isa = XCBuildConfiguration;
			buildSettings = {
				ASSETCATALOG_COMPILER_APPICON_NAME = AppIcon;
				CODE_SIGN_STYLE = Automatic;
				DEVELOPMENT_TEAM = XNMJ8TXHWT;
				INFOPLIST_FILE = PrentenMapper/Info.plist;
				IPHONEOS_DEPLOYMENT_TARGET = 11.0;
				LD_RUNPATH_SEARCH_PATHS = "$(inherited) @executable_path/Frameworks";
				PRODUCT_BUNDLE_IDENTIFIER = nl.luuxsw.PrentenMapper;
				PRODUCT_NAME = "$(TARGET_NAME)";
				SWIFT_VERSION = 4.0;
				TARGETED_DEVICE_FAMILY = 1;
			};
			name = Debug;
		};
		38BAABBC20263F9D0034BA8F /* Release */ = {
			isa = XCBuildConfiguration;
			buildSettings = {
				ASSETCATALOG_COMPILER_APPICON_NAME = AppIcon;
				CODE_SIGN_STYLE = Automatic;
				DEVELOPMENT_TEAM = XNMJ8TXHWT;
				INFOPLIST_FILE = PrentenMapper/Info.plist;
				IPHONEOS_DEPLOYMENT_TARGET = 11.0;
				LD_RUNPATH_SEARCH_PATHS = "$(inherited) @executable_path/Frameworks";
				PRODUCT_BUNDLE_IDENTIFIER = nl.luuxsw.PrentenMapper;
				PRODUCT_NAME = "$(TARGET_NAME)";
				SWIFT_VERSION = 4.0;
				TARGETED_DEVICE_FAMILY = 1;
			};
			name = Release;
		};
/* End XCBuildConfiguration section */

/* Begin XCConfigurationList section */
		38BAABA320263F9D0034BA8F /* Build configuration list for PBXProject "PrentenMapper" */ = {
			isa = XCConfigurationList;
			buildConfigurations = (
				38BAABB820263F9D0034BA8F /* Debug */,
				38BAABB920263F9D0034BA8F /* Release */,
			);
			defaultConfigurationIsVisible = 0;
			defaultConfigurationName = Release;
		};
		38BAABBA20263F9D0034BA8F /* Build configuration list for PBXNativeTarget "PrentenMapper" */ = {
			isa = XCConfigurationList;
			buildConfigurations = (
				38BAABBB20263F9D0034BA8F /* Debug */,
				38BAABBC20263F9D0034BA8F /* Release */,
			);
			defaultConfigurationIsVisible = 0;
			defaultConfigurationName = Release;
		};
/* End XCConfigurationList section */
	};
	rootObject = 38BAABA020263F9D0034BA8F /* Project object */;
}
